
Microsoft Visual Studio Solution File, Format Version 12.00
# Visual Studio 15
VisualStudioVersion = 15.0.27130.2020
MinimumVisualStudioVersion = 10.0.40219.1
Project("{FAE04EC0-301F-11D3-BF4B-00C04F79EFBC}") = "TestDocker", "TestDocker\TestDocker.csproj", "{52749AB9-CE05-4805-96D6-50A621E84035}"
EndProject
Project("{E53339B2-1760-4266-BCC7-CA923CBCF16C}") = "docker-compose", "docker-compose.dcproj", "{113AE302-7CE2-44A6-9B72-B2D28EA0961C}"
EndProject
Global
	GlobalSection(SolutionConfigurationPlatforms) = preSolution
		Debug|Any CPU = Debug|Any CPU
		Release|Any CPU = Release|Any CPU
	EndGlobalSection
	GlobalSection(ProjectConfigurationPlatforms) = postSolution
		{52749AB9-CE05-4805-96D6-50A621E84035}.Debug|Any CPU.ActiveCfg = Debug|Any CPU
		{52749AB9-CE05-4805-96D6-50A621E84035}.Debug|Any CPU.Build.0 = Debug|Any CPU
		{52749AB9-CE05-4805-96D6-50A621E84035}.Release|Any CPU.ActiveCfg = Release|Any CPU
		{52749AB9-CE05-4805-96D6-50A621E84035}.Release|Any CPU.Build.0 = Release|Any CPU
		{113AE302-7CE2-44A6-9B72-B2D28EA0961C}.Debug|Any CPU.ActiveCfg = Debug|Any CPU
		{113AE302-7CE2-44A6-9B72-B2D28EA0961C}.Debug|Any CPU.Build.0 = Debug|Any CPU
		{113AE302-7CE2-44A6-9B72-B2D28EA0961C}.Release|Any CPU.ActiveCfg = Release|Any CPU
		{113AE302-7CE2-44A6-9B72-B2D28EA0961C}.Release|Any CPU.Build.0 = Release|Any CPU
	EndGlobalSection
	GlobalSection(SolutionProperties) = preSolution
		HideSolutionNode = FALSE
	EndGlobalSection
	GlobalSection(ExtensibilityGlobals) = postSolution
		SolutionGuid = {0E71B0BF-0606-4074-8B85-56A126C5AF57}
	EndGlobalSection
EndGlobal
